# This file is automatically @generated by Poetry 1.8.3 and should not be changed by hand.

[[package]]
name = "attrs"
version = "24.2.0"
description = "Classes Without Boilerplate"
optional = false
python-versions = ">=3.7"
files = [
    {file = "attrs-24.2.0-py3-none-any.whl", hash = "sha256:81921eb96de3191c8258c199618104dd27ac608d9366f5e35d011eae1867ede2"},
    {file = "attrs-24.2.0.tar.gz", hash = "sha256:5cfb1b9148b5b086569baec03f20d7b6bf3bcacc9a42bebf87ffaaca362f6346"},
]

[package.extras]
benchmark = ["cloudpickle", "hypothesis", "mypy (>=1.11.1)", "pympler", "pytest (>=4.3.0)", "pytest-codspeed", "pytest-mypy-plugins", "pytest-xdist[psutil]"]
cov = ["cloudpickle", "coverage[toml] (>=5.3)", "hypothesis", "mypy (>=1.11.1)", "pympler", "pytest (>=4.3.0)", "pytest-mypy-plugins", "pytest-xdist[psutil]"]
dev = ["cloudpickle", "hypothesis", "mypy (>=1.11.1)", "pre-commit", "pympler", "pytest (>=4.3.0)", "pytest-mypy-plugins", "pytest-xdist[psutil]"]
docs = ["cogapp", "furo", "myst-parser", "sphinx", "sphinx-notfound-page", "sphinxcontrib-towncrier", "towncrier (<24.7)"]
tests = ["cloudpickle", "hypothesis", "mypy (>=1.11.1)", "pympler", "pytest (>=4.3.0)", "pytest-mypy-plugins", "pytest-xdist[psutil]"]
tests-mypy = ["mypy (>=1.11.1)", "pytest-mypy-plugins"]

[[package]]
name = "aws-cdk-asset-awscli-v1"
version = "2.2.203"
description = "A library that contains the AWS CLI for use in Lambda Layers"
optional = false
python-versions = "~=3.8"
files = [
    {file = "aws_cdk.asset_awscli_v1-2.2.203-py3-none-any.whl", hash = "sha256:15be8dc3af714dd8c9f2b0e27a0087a236fd5457a6b8fb942435ba683e971a05"},
    {file = "aws_cdk_asset_awscli_v1-2.2.203.tar.gz", hash = "sha256:6d7d70c6e23894cda1110233672a50cbd3d986cf5448ef89a2a039f68599d1e1"},
]

[package.dependencies]
jsii = ">=1.103.1,<2.0.0"
publication = ">=0.0.3"
typeguard = ">=2.13.3,<5.0.0"

[[package]]
name = "aws-cdk-asset-kubectl-v20"
version = "2.1.2"
description = "A library that contains kubectl for use in Lambda Layers"
optional = false
python-versions = "~=3.7"
files = [
    {file = "aws-cdk.asset-kubectl-v20-2.1.2.tar.gz", hash = "sha256:346283e43018a43e3b3ca571de3f44e85d49c038dc20851894cb8f9b2052b164"},
    {file = "aws_cdk.asset_kubectl_v20-2.1.2-py3-none-any.whl", hash = "sha256:7f0617ab6cb942b066bd7174bf3e1f377e57878c3e1cddc21d6b2d13c92d0cc1"},
]

[package.dependencies]
jsii = ">=1.70.0,<2.0.0"
publication = ">=0.0.3"
typeguard = ">=2.13.3,<2.14.0"

[[package]]
name = "aws-cdk-asset-node-proxy-agent-v6"
version = "2.1.0"
description = "@aws-cdk/asset-node-proxy-agent-v6"
optional = false
python-versions = "~=3.8"
files = [
    {file = "aws_cdk.asset_node_proxy_agent_v6-2.1.0-py3-none-any.whl", hash = "sha256:24a388b69a44d03bae6dbf864c4e25ba650d4b61c008b4568b94ffbb9a69e40e"},
    {file = "aws_cdk_asset_node_proxy_agent_v6-2.1.0.tar.gz", hash = "sha256:1f292c0631f86708ba4ee328b3a2b229f7e46ea1c79fbde567ee9eb119c2b0e2"},
]

[package.dependencies]
jsii = ">=1.103.1,<2.0.0"
publication = ">=0.0.3"
typeguard = ">=2.13.3,<5.0.0"

[[package]]
name = "aws-cdk-aws-lambda-python-alpha"
version = "2.159.1a0"
description = "The CDK Construct Library for AWS Lambda in Python"
optional = false
python-versions = "~=3.8"
files = [
    {file = "aws_cdk.aws_lambda_python_alpha-2.159.1a0-py3-none-any.whl", hash = "sha256:b6af9e3ca241bbc7fc7faabc6ae64f55c74e5ccf6c253f72565aab76590a230b"},
    {file = "aws_cdk_aws_lambda_python_alpha-2.159.1a0.tar.gz", hash = "sha256:3f40e29891dffd066548a277137bf793b731240470a34a2cdca73d32a03c94bb"},
]

[package.dependencies]
aws-cdk-lib = ">=2.159.1,<3.0.0"
constructs = ">=10.0.0,<11.0.0"
jsii = ">=1.103.1,<2.0.0"
publication = ">=0.0.3"
typeguard = ">=2.13.3,<5.0.0"

[[package]]
name = "aws-cdk-cloud-assembly-schema"
version = "36.3.0"
description = "Cloud Assembly Schema"
optional = false
python-versions = "~=3.8"
files = [
    {file = "aws_cdk.cloud_assembly_schema-36.3.0-py3-none-any.whl", hash = "sha256:00fc03aa7a0f57a94c390971cc354741e4db026ed8e17ad9425422da321599a2"},
    {file = "aws_cdk_cloud_assembly_schema-36.3.0.tar.gz", hash = "sha256:8e9e5bd7a9750af3a9e5eef0a6dcfc86332b607c64cafbcfa9a15f13e04dcfd1"},
]

[package.dependencies]
jsii = ">=1.103.1,<2.0.0"
publication = ">=0.0.3"
typeguard = ">=2.13.3,<5.0.0"

[[package]]
name = "aws-cdk-lib"
version = "2.159.1"
description = "Version 2 of the AWS Cloud Development Kit library"
optional = false
python-versions = "~=3.8"
files = [
    {file = "aws_cdk_lib-2.159.1-py3-none-any.whl", hash = "sha256:485b28b3416a1a3f25dd6df6a94c6ce88b73ab1c263d99e844e6caa54efac914"},
    {file = "aws_cdk_lib-2.159.1.tar.gz", hash = "sha256:b13d628a9f9847dbe00369831aa5438807bee7945a2e55267fdbcafa154a8f6c"},
]

[package.dependencies]
"aws-cdk.asset-awscli-v1" = ">=2.2.202,<3.0.0"
"aws-cdk.asset-kubectl-v20" = ">=2.1.2,<3.0.0"
"aws-cdk.asset-node-proxy-agent-v6" = ">=2.1.0,<3.0.0"
"aws-cdk.cloud-assembly-schema" = ">=36.0.24,<37.0.0"
constructs = ">=10.0.0,<11.0.0"
jsii = ">=1.103.1,<2.0.0"
publication = ">=0.0.3"
typeguard = ">=2.13.3,<5.0.0"

[[package]]
name = "aws-lambda-powertools"
version = "3.0.0"
description = "Powertools for AWS Lambda (Python) is a developer toolkit to implement Serverless best practices and increase developer velocity."
optional = false
python-versions = "<4.0.0,>=3.8"
files = [
    {file = "aws_lambda_powertools-3.0.0-py3-none-any.whl", hash = "sha256:0769ca6b6ee7d4a6fc2978f91bcfa39c963c694bd8f5a7407543bc72722247ed"},
    {file = "aws_lambda_powertools-3.0.0.tar.gz", hash = "sha256:b171e393858b7c45c08811e280304b9ff29e4fdc9b7b1aa896b49342451677f9"},
]

[package.dependencies]
jmespath = ">=1.0.1,<2.0.0"
typing-extensions = ">=4.11.0,<5.0.0"

[package.extras]
all = ["aws-encryption-sdk (>=3.1.1,<4.0.0)", "aws-xray-sdk (>=2.8.0,<3.0.0)", "fastjsonschema (>=2.14.5,<3.0.0)", "jsonpath-ng (>=1.6.0,<2.0.0)", "pydantic (>=2.0.3,<3.0.0)"]
aws-sdk = ["boto3 (>=1.34.32,<2.0.0)"]
datadog = ["datadog-lambda (>=4.77,<7.0)"]
datamasking = ["aws-encryption-sdk (>=3.1.1,<4.0.0)", "jsonpath-ng (>=1.6.0,<2.0.0)"]
parser = ["pydantic (>=2.0.3,<3.0.0)"]
redis = ["redis (>=4.4,<6.0)"]
tracer = ["aws-xray-sdk (>=2.8.0,<3.0.0)"]
validation = ["fastjsonschema (>=2.14.5,<3.0.0)"]

[[package]]
name = "cattrs"
version = "23.2.3"
description = "Composable complex class support for attrs and dataclasses."
optional = false
python-versions = ">=3.8"
files = [
    {file = "cattrs-23.2.3-py3-none-any.whl", hash = "sha256:0341994d94971052e9ee70662542699a3162ea1e0c62f7ce1b4a57f563685108"},
    {file = "cattrs-23.2.3.tar.gz", hash = "sha256:a934090d95abaa9e911dac357e3a8699e0b4b14f8529bcc7d2b1ad9d51672b9f"},
]

[package.dependencies]
attrs = ">=23.1.0"

[package.extras]
bson = ["pymongo (>=4.4.0)"]
cbor2 = ["cbor2 (>=5.4.6)"]
msgpack = ["msgpack (>=1.0.5)"]
orjson = ["orjson (>=3.9.2)"]
pyyaml = ["pyyaml (>=6.0)"]
tomlkit = ["tomlkit (>=0.11.8)"]
ujson = ["ujson (>=5.7.0)"]

[[package]]
name = "colorama"
version = "0.4.6"
description = "Cross-platform colored terminal text."
optional = false
python-versions = "!=3.0.*,!=3.1.*,!=3.2.*,!=3.3.*,!=3.4.*,!=3.5.*,!=3.6.*,>=2.7"
files = [
    {file = "colorama-0.4.6-py2.py3-none-any.whl", hash = "sha256:4f1d9991f5acc0ca119f9d443620b77f9d6b33703e51011c16baf57afb285fc6"},
    {file = "colorama-0.4.6.tar.gz", hash = "sha256:08695f5cb7ed6e0531a20572697297273c47b8cae5a63ffc6d6ed5c201be6e44"},
]

[[package]]
name = "constructs"
version = "10.3.0"
description = "A programming model for software-defined state"
optional = false
python-versions = "~=3.7"
files = [
    {file = "constructs-10.3.0-py3-none-any.whl", hash = "sha256:2972f514837565ff5b09171cfba50c0159dfa75ee86a42921ea8c86f2941b3d2"},
    {file = "constructs-10.3.0.tar.gz", hash = "sha256:518551135ec236f9cc6b86500f4fbbe83b803ccdc6c2cb7684e0b7c4d234e7b1"},
]

[package.dependencies]
jsii = ">=1.90.0,<2.0.0"
publication = ">=0.0.3"
typeguard = ">=2.13.3,<2.14.0"

[[package]]
name = "importlib-resources"
version = "6.4.5"
description = "Read resources from Python packages"
optional = false
python-versions = ">=3.8"
files = [
    {file = "importlib_resources-6.4.5-py3-none-any.whl", hash = "sha256:ac29d5f956f01d5e4bb63102a5a19957f1b9175e45649977264a1416783bb717"},
    {file = "importlib_resources-6.4.5.tar.gz", hash = "sha256:980862a1d16c9e147a59603677fa2aa5fd82b87f223b6cb870695bcfce830065"},
]

[package.extras]
check = ["pytest-checkdocs (>=2.4)", "pytest-ruff (>=0.2.1)"]
cover = ["pytest-cov"]
doc = ["furo", "jaraco.packaging (>=9.3)", "jaraco.tidelift (>=1.4)", "rst.linker (>=1.9)", "sphinx (>=3.5)", "sphinx-lint"]
enabler = ["pytest-enabler (>=2.2)"]
test = ["jaraco.test (>=5.4)", "pytest (>=6,!=8.1.*)", "zipp (>=3.17)"]
type = ["pytest-mypy"]

[[package]]
name = "iniconfig"
version = "2.0.0"
description = "brain-dead simple config-ini parsing"
optional = false
python-versions = ">=3.7"
files = [
    {file = "iniconfig-2.0.0-py3-none-any.whl", hash = "sha256:b6a85871a79d2e3b22d2d1b94ac2824226a63c6b741c88f7ae975f18b6778374"},
    {file = "iniconfig-2.0.0.tar.gz", hash = "sha256:2d91e135bf72d31a410b17c16da610a82cb55f6b0477d1a902134b24a455b8b3"},
]

[[package]]
name = "jinja2"
version = "3.1.4"
description = "A very fast and expressive template engine."
optional = false
python-versions = ">=3.7"
files = [
    {file = "jinja2-3.1.4-py3-none-any.whl", hash = "sha256:bc5dd2abb727a5319567b7a813e6a2e7318c39f4f487cfe6c89c6f9c7d25197d"},
    {file = "jinja2-3.1.4.tar.gz", hash = "sha256:4a3aee7acbbe7303aede8e9648d13b8bf88a429282aa6122a993f0ac800cb369"},
]

[package.dependencies]
MarkupSafe = ">=2.0"

[package.extras]
i18n = ["Babel (>=2.7)"]

[[package]]
name = "jmespath"
version = "1.0.1"
description = "JSON Matching Expressions"
optional = false
python-versions = ">=3.7"
files = [
    {file = "jmespath-1.0.1-py3-none-any.whl", hash = "sha256:02e2e4cc71b5bcab88332eebf907519190dd9e6e82107fa7f83b1003a6252980"},
    {file = "jmespath-1.0.1.tar.gz", hash = "sha256:90261b206d6defd58fdd5e85f478bf633a2901798906be2ad389150c5c60edbe"},
]

[[package]]
name = "jsii"
version = "1.103.1"
description = "Python client for jsii runtime"
optional = false
python-versions = "~=3.8"
files = [
    {file = "jsii-1.103.1-py3-none-any.whl", hash = "sha256:24b96349230ca22f50fcd69c501e69b6c486acf37bbe0b5869f4c185572b079e"},
    {file = "jsii-1.103.1.tar.gz", hash = "sha256:7eaa46e8cd9546edc6bba81d0b32df9f8ed8f5848305277d261cccfe00b9c1eb"},
]

[package.dependencies]
attrs = ">=21.2,<25.0"
cattrs = ">=1.8,<23.3"
importlib-resources = ">=5.2.0"
publication = ">=0.0.3"
python-dateutil = "*"
typeguard = ">=2.13.3,<5.0.0"
typing-extensions = ">=3.8,<5.0"

[[package]]
name = "markupsafe"
version = "2.1.5"
description = "Safely add untrusted strings to HTML/XML markup."
optional = false
python-versions = ">=3.7"
files = [
    {file = "MarkupSafe-2.1.5-cp310-cp310-macosx_10_9_universal2.whl", hash = "sha256:a17a92de5231666cfbe003f0e4b9b3a7ae3afb1ec2845aadc2bacc93ff85febc"},
    {file = "MarkupSafe-2.1.5-cp310-cp310-macosx_10_9_x86_64.whl", hash = "sha256:72b6be590cc35924b02c78ef34b467da4ba07e4e0f0454a2c5907f473fc50ce5"},
    {file = "MarkupSafe-2.1.5-cp310-cp310-manylinux_2_17_aarch64.manylinux2014_aarch64.whl", hash = "sha256:e61659ba32cf2cf1481e575d0462554625196a1f2fc06a1c777d3f48e8865d46"},
    {file = "MarkupSafe-2.1.5-cp310-cp310-manylinux_2_17_x86_64.manylinux2014_x86_64.whl", hash = "sha256:2174c595a0d73a3080ca3257b40096db99799265e1c27cc5a610743acd86d62f"},
    {file = "MarkupSafe-2.1.5-cp310-cp310-manylinux_2_5_i686.manylinux1_i686.manylinux_2_17_i686.manylinux2014_i686.whl", hash = "sha256:ae2ad8ae6ebee9d2d94b17fb62763125f3f374c25618198f40cbb8b525411900"},
    {file = "MarkupSafe-2.1.5-cp310-cp310-musllinux_1_1_aarch64.whl", hash = "sha256:075202fa5b72c86ad32dc7d0b56024ebdbcf2048c0ba09f1cde31bfdd57bcfff"},
    {file = "MarkupSafe-2.1.5-cp310-cp310-musllinux_1_1_i686.whl", hash = "sha256:598e3276b64aff0e7b3451b72e94fa3c238d452e7ddcd893c3ab324717456bad"},
    {file = "MarkupSafe-2.1.5-cp310-cp310-musllinux_1_1_x86_64.whl", hash = "sha256:fce659a462a1be54d2ffcacea5e3ba2d74daa74f30f5f143fe0c58636e355fdd"},
    {file = "MarkupSafe-2.1.5-cp310-cp310-win32.whl", hash = "sha256:d9fad5155d72433c921b782e58892377c44bd6252b5af2f67f16b194987338a4"},
    {file = "MarkupSafe-2.1.5-cp310-cp310-win_amd64.whl", hash = "sha256:bf50cd79a75d181c9181df03572cdce0fbb75cc353bc350712073108cba98de5"},
    {file = "MarkupSafe-2.1.5-cp311-cp311-macosx_10_9_universal2.whl", hash = "sha256:629ddd2ca402ae6dbedfceeba9c46d5f7b2a61d9749597d4307f943ef198fc1f"},
    {file = "MarkupSafe-2.1.5-cp311-cp311-macosx_10_9_x86_64.whl", hash = "sha256:5b7b716f97b52c5a14bffdf688f971b2d5ef4029127f1ad7a513973cfd818df2"},
    {file = "MarkupSafe-2.1.5-cp311-cp311-manylinux_2_17_aarch64.manylinux2014_aarch64.whl", hash = "sha256:6ec585f69cec0aa07d945b20805be741395e28ac1627333b1c5b0105962ffced"},
    {file = "MarkupSafe-2.1.5-cp311-cp311-manylinux_2_17_x86_64.manylinux2014_x86_64.whl", hash = "sha256:b91c037585eba9095565a3556f611e3cbfaa42ca1e865f7b8015fe5c7336d5a5"},
    {file = "MarkupSafe-2.1.5-cp311-cp311-manylinux_2_5_i686.manylinux1_i686.manylinux_2_17_i686.manylinux2014_i686.whl", hash = "sha256:7502934a33b54030eaf1194c21c692a534196063db72176b0c4028e140f8f32c"},
    {file = "MarkupSafe-2.1.5-cp311-cp311-musllinux_1_1_aarch64.whl", hash = "sha256:0e397ac966fdf721b2c528cf028494e86172b4feba51d65f81ffd65c63798f3f"},
    {file = "MarkupSafe-2.1.5-cp311-cp311-musllinux_1_1_i686.whl", hash = "sha256:c061bb86a71b42465156a3ee7bd58c8c2ceacdbeb95d05a99893e08b8467359a"},
    {file = "MarkupSafe-2.1.5-cp311-cp311-musllinux_1_1_x86_64.whl", hash = "sha256:3a57fdd7ce31c7ff06cdfbf31dafa96cc533c21e443d57f5b1ecc6cdc668ec7f"},
    {file = "MarkupSafe-2.1.5-cp311-cp311-win32.whl", hash = "sha256:397081c1a0bfb5124355710fe79478cdbeb39626492b15d399526ae53422b906"},
    {file = "MarkupSafe-2.1.5-cp311-cp311-win_amd64.whl", hash = "sha256:2b7c57a4dfc4f16f7142221afe5ba4e093e09e728ca65c51f5620c9aaeb9a617"},
    {file = "MarkupSafe-2.1.5-cp312-cp312-macosx_10_9_universal2.whl", hash = "sha256:8dec4936e9c3100156f8a2dc89c4b88d5c435175ff03413b443469c7c8c5f4d1"},
    {file = "MarkupSafe-2.1.5-cp312-cp312-macosx_10_9_x86_64.whl", hash = "sha256:3c6b973f22eb18a789b1460b4b91bf04ae3f0c4234a0a6aa6b0a92f6f7b951d4"},
    {file = "MarkupSafe-2.1.5-cp312-cp312-manylinux_2_17_aarch64.manylinux2014_aarch64.whl", hash = "sha256:ac07bad82163452a6884fe8fa0963fb98c2346ba78d779ec06bd7a6262132aee"},
    {file = "MarkupSafe-2.1.5-cp312-cp312-manylinux_2_17_x86_64.manylinux2014_x86_64.whl", hash = "sha256:f5dfb42c4604dddc8e4305050aa6deb084540643ed5804d7455b5df8fe16f5e5"},
    {file = "MarkupSafe-2.1.5-cp312-cp312-manylinux_2_5_i686.manylinux1_i686.manylinux_2_17_i686.manylinux2014_i686.whl", hash = "sha256:ea3d8a3d18833cf4304cd2fc9cbb1efe188ca9b5efef2bdac7adc20594a0e46b"},
    {file = "MarkupSafe-2.1.5-cp312-cp312-musllinux_1_1_aarch64.whl", hash = "sha256:d050b3361367a06d752db6ead6e7edeb0009be66bc3bae0ee9d97fb326badc2a"},
    {file = "MarkupSafe-2.1.5-cp312-cp312-musllinux_1_1_i686.whl", hash = "sha256:bec0a414d016ac1a18862a519e54b2fd0fc8bbfd6890376898a6c0891dd82e9f"},
    {file = "MarkupSafe-2.1.5-cp312-cp312-musllinux_1_1_x86_64.whl", hash = "sha256:58c98fee265677f63a4385256a6d7683ab1832f3ddd1e66fe948d5880c21a169"},
    {file = "MarkupSafe-2.1.5-cp312-cp312-win32.whl", hash = "sha256:8590b4ae07a35970728874632fed7bd57b26b0102df2d2b233b6d9d82f6c62ad"},
    {file = "MarkupSafe-2.1.5-cp312-cp312-win_amd64.whl", hash = "sha256:823b65d8706e32ad2df51ed89496147a42a2a6e01c13cfb6ffb8b1e92bc910bb"},
    {file = "MarkupSafe-2.1.5-cp37-cp37m-macosx_10_9_x86_64.whl", hash = "sha256:c8b29db45f8fe46ad280a7294f5c3ec36dbac9491f2d1c17345be8e69cc5928f"},
    {file = "MarkupSafe-2.1.5-cp37-cp37m-manylinux_2_17_aarch64.manylinux2014_aarch64.whl", hash = "sha256:ec6a563cff360b50eed26f13adc43e61bc0c04d94b8be985e6fb24b81f6dcfdf"},
    {file = "MarkupSafe-2.1.5-cp37-cp37m-manylinux_2_17_x86_64.manylinux2014_x86_64.whl", hash = "sha256:a549b9c31bec33820e885335b451286e2969a2d9e24879f83fe904a5ce59d70a"},
    {file = "MarkupSafe-2.1.5-cp37-cp37m-manylinux_2_5_i686.manylinux1_i686.manylinux_2_17_i686.manylinux2014_i686.whl", hash = "sha256:4f11aa001c540f62c6166c7726f71f7573b52c68c31f014c25cc7901deea0b52"},
    {file = "MarkupSafe-2.1.5-cp37-cp37m-musllinux_1_1_aarch64.whl", hash = "sha256:7b2e5a267c855eea6b4283940daa6e88a285f5f2a67f2220203786dfa59b37e9"},
    {file = "MarkupSafe-2.1.5-cp37-cp37m-musllinux_1_1_i686.whl", hash = "sha256:2d2d793e36e230fd32babe143b04cec8a8b3eb8a3122d2aceb4a371e6b09b8df"},
    {file = "MarkupSafe-2.1.5-cp37-cp37m-musllinux_1_1_x86_64.whl", hash = "sha256:ce409136744f6521e39fd8e2a24c53fa18ad67aa5bc7c2cf83645cce5b5c4e50"},
    {file = "MarkupSafe-2.1.5-cp37-cp37m-win32.whl", hash = "sha256:4096e9de5c6fdf43fb4f04c26fb114f61ef0bf2e5604b6ee3019d51b69e8c371"},
    {file = "MarkupSafe-2.1.5-cp37-cp37m-win_amd64.whl", hash = "sha256:4275d846e41ecefa46e2015117a9f491e57a71ddd59bbead77e904dc02b1bed2"},
    {file = "MarkupSafe-2.1.5-cp38-cp38-macosx_10_9_universal2.whl", hash = "sha256:656f7526c69fac7f600bd1f400991cc282b417d17539a1b228617081106feb4a"},
    {file = "MarkupSafe-2.1.5-cp38-cp38-macosx_10_9_x86_64.whl", hash = "sha256:97cafb1f3cbcd3fd2b6fbfb99ae11cdb14deea0736fc2b0952ee177f2b813a46"},
    {file = "MarkupSafe-2.1.5-cp38-cp38-manylinux_2_17_aarch64.manylinux2014_aarch64.whl", hash = "sha256:1f3fbcb7ef1f16e48246f704ab79d79da8a46891e2da03f8783a5b6fa41a9532"},
    {file = "MarkupSafe-2.1.5-cp38-cp38-manylinux_2_17_x86_64.manylinux2014_x86_64.whl", hash = "sha256:fa9db3f79de01457b03d4f01b34cf91bc0048eb2c3846ff26f66687c2f6d16ab"},
    {file = "MarkupSafe-2.1.5-cp38-cp38-manylinux_2_5_i686.manylinux1_i686.manylinux_2_17_i686.manylinux2014_i686.whl", hash = "sha256:ffee1f21e5ef0d712f9033568f8344d5da8cc2869dbd08d87c84656e6a2d2f68"},
    {file = "MarkupSafe-2.1.5-cp38-cp38-musllinux_1_1_aarch64.whl", hash = "sha256:5dedb4db619ba5a2787a94d877bc8ffc0566f92a01c0ef214865e54ecc9ee5e0"},
    {file = "MarkupSafe-2.1.5-cp38-cp38-musllinux_1_1_i686.whl", hash = "sha256:30b600cf0a7ac9234b2638fbc0fb6158ba5bdcdf46aeb631ead21248b9affbc4"},
    {file = "MarkupSafe-2.1.5-cp38-cp38-musllinux_1_1_x86_64.whl", hash = "sha256:8dd717634f5a044f860435c1d8c16a270ddf0ef8588d4887037c5028b859b0c3"},
    {file = "MarkupSafe-2.1.5-cp38-cp38-win32.whl", hash = "sha256:daa4ee5a243f0f20d528d939d06670a298dd39b1ad5f8a72a4275124a7819eff"},
    {file = "MarkupSafe-2.1.5-cp38-cp38-win_amd64.whl", hash = "sha256:619bc166c4f2de5caa5a633b8b7326fbe98e0ccbfacabd87268a2b15ff73a029"},
    {file = "MarkupSafe-2.1.5-cp39-cp39-macosx_10_9_universal2.whl", hash = "sha256:7a68b554d356a91cce1236aa7682dc01df0edba8d043fd1ce607c49dd3c1edcf"},
    {file = "MarkupSafe-2.1.5-cp39-cp39-macosx_10_9_x86_64.whl", hash = "sha256:db0b55e0f3cc0be60c1f19efdde9a637c32740486004f20d1cff53c3c0ece4d2"},
    {file = "MarkupSafe-2.1.5-cp39-cp39-manylinux_2_17_aarch64.manylinux2014_aarch64.whl", hash = "sha256:3e53af139f8579a6d5f7b76549125f0d94d7e630761a2111bc431fd820e163b8"},
    {file = "MarkupSafe-2.1.5-cp39-cp39-manylinux_2_17_x86_64.manylinux2014_x86_64.whl", hash = "sha256:17b950fccb810b3293638215058e432159d2b71005c74371d784862b7e4683f3"},
    {file = "MarkupSafe-2.1.5-cp39-cp39-manylinux_2_5_i686.manylinux1_i686.manylinux_2_17_i686.manylinux2014_i686.whl", hash = "sha256:4c31f53cdae6ecfa91a77820e8b151dba54ab528ba65dfd235c80b086d68a465"},
    {file = "MarkupSafe-2.1.5-cp39-cp39-musllinux_1_1_aarch64.whl", hash = "sha256:bff1b4290a66b490a2f4719358c0cdcd9bafb6b8f061e45c7a2460866bf50c2e"},
    {file = "MarkupSafe-2.1.5-cp39-cp39-musllinux_1_1_i686.whl", hash = "sha256:bc1667f8b83f48511b94671e0e441401371dfd0f0a795c7daa4a3cd1dde55bea"},
    {file = "MarkupSafe-2.1.5-cp39-cp39-musllinux_1_1_x86_64.whl", hash = "sha256:5049256f536511ee3f7e1b3f87d1d1209d327e818e6ae1365e8653d7e3abb6a6"},
    {file = "MarkupSafe-2.1.5-cp39-cp39-win32.whl", hash = "sha256:00e046b6dd71aa03a41079792f8473dc494d564611a8f89bbbd7cb93295ebdcf"},
    {file = "MarkupSafe-2.1.5-cp39-cp39-win_amd64.whl", hash = "sha256:fa173ec60341d6bb97a89f5ea19c85c5643c1e7dedebc22f5181eb73573142c5"},
    {file = "MarkupSafe-2.1.5.tar.gz", hash = "sha256:d283d37a890ba4c1ae73ffadf8046435c76e7bc2247bbb63c00bd1a709c6544b"},
]

[[package]]
name = "packaging"
version = "24.1"
description = "Core utilities for Python packages"
optional = false
python-versions = ">=3.8"
files = [
    {file = "packaging-24.1-py3-none-any.whl", hash = "sha256:5b8f2217dbdbd2f7f384c41c628544e6d52f2d0f53c6d0c3ea61aa5d1d7ff124"},
    {file = "packaging-24.1.tar.gz", hash = "sha256:026ed72c8ed3fcce5bf8950572258698927fd1dbda10a5e981cdf0ac37f4f002"},
]

[[package]]
name = "pluggy"
version = "1.5.0"
description = "plugin and hook calling mechanisms for python"
optional = false
python-versions = ">=3.8"
files = [
    {file = "pluggy-1.5.0-py3-none-any.whl", hash = "sha256:44e1ad92c8ca002de6377e165f3e0f1be63266ab4d554740532335b9d75ea669"},
    {file = "pluggy-1.5.0.tar.gz", hash = "sha256:2cffa88e94fdc978c4c574f15f9e59b7f4201d439195c3715ca9e2486f1d0cf1"},
]

[package.extras]
dev = ["pre-commit", "tox"]
testing = ["pytest", "pytest-benchmark"]

[[package]]
name = "publication"
version = "0.0.3"
description = "Publication helps you maintain public-api-friendly modules by preventing unintentional access to private implementation details via introspection."
optional = false
python-versions = "*"
files = [
    {file = "publication-0.0.3-py2.py3-none-any.whl", hash = "sha256:0248885351febc11d8a1098d5c8e3ab2dabcf3e8c0c96db1e17ecd12b53afbe6"},
    {file = "publication-0.0.3.tar.gz", hash = "sha256:68416a0de76dddcdd2930d1c8ef853a743cc96c82416c4e4d3b5d901c6276dc4"},
]

[[package]]
name = "pytest"
version = "8.3.3"
description = "pytest: simple powerful testing with Python"
optional = false
python-versions = ">=3.8"
files = [
    {file = "pytest-8.3.3-py3-none-any.whl", hash = "sha256:a6853c7375b2663155079443d2e45de913a911a11d669df02a50814944db57b2"},
    {file = "pytest-8.3.3.tar.gz", hash = "sha256:70b98107bd648308a7952b06e6ca9a50bc660be218d53c257cc1fc94fda10181"},
]

[package.dependencies]
colorama = {version = "*", markers = "sys_platform == \"win32\""}
iniconfig = "*"
packaging = "*"
pluggy = ">=1.5,<2"

[package.extras]
dev = ["argcomplete", "attrs (>=19.2)", "hypothesis (>=3.56)", "mock", "pygments (>=2.7.2)", "requests", "setuptools", "xmlschema"]

[[package]]
name = "python-dateutil"
version = "2.9.0.post0"
description = "Extensions to the standard Python datetime module"
optional = false
python-versions = "!=3.0.*,!=3.1.*,!=3.2.*,>=2.7"
files = [
    {file = "python-dateutil-2.9.0.post0.tar.gz", hash = "sha256:37dd54208da7e1cd875388217d5e00ebd4179249f90fb72437e91a35459a0ad3"},
    {file = "python_dateutil-2.9.0.post0-py2.py3-none-any.whl", hash = "sha256:a8b2bc7bffae282281c8140a97d3aa9c14da0b136dfe83f850eea9a5f7470427"},
]

[package.dependencies]
six = ">=1.5"

[[package]]
name = "ruff"
version = "0.6.6"
description = "An extremely fast Python linter and code formatter, written in Rust."
optional = false
python-versions = ">=3.7"
files = [
    {file = "ruff-0.6.6-py3-none-linux_armv6l.whl", hash = "sha256:f5bc5398457484fc0374425b43b030e4668ed4d2da8ee7fdda0e926c9f11ccfb"},
    {file = "ruff-0.6.6-py3-none-macosx_10_12_x86_64.whl", hash = "sha256:515a698254c9c47bb84335281a170213b3ee5eb47feebe903e1be10087a167ce"},
    {file = "ruff-0.6.6-py3-none-macosx_11_0_arm64.whl", hash = "sha256:6bb1b4995775f1837ab70f26698dd73852bbb82e8f70b175d2713c0354fe9182"},
    {file = "ruff-0.6.6-py3-none-manylinux_2_17_aarch64.manylinux2014_aarch64.whl", hash = "sha256:69c546f412dfae8bb9cc4f27f0e45cdd554e42fecbb34f03312b93368e1cd0a6"},
    {file = "ruff-0.6.6-py3-none-manylinux_2_17_armv7l.manylinux2014_armv7l.whl", hash = "sha256:59627e97364329e4eae7d86fa7980c10e2b129e2293d25c478ebcb861b3e3fd6"},
    {file = "ruff-0.6.6-py3-none-manylinux_2_17_i686.manylinux2014_i686.whl", hash = "sha256:94c3f78c3d32190aafbb6bc5410c96cfed0a88aadb49c3f852bbc2aa9783a7d8"},
    {file = "ruff-0.6.6-py3-none-manylinux_2_17_ppc64.manylinux2014_ppc64.whl", hash = "sha256:704da526c1e137f38c8a067a4a975fe6834b9f8ba7dbc5fd7503d58148851b8f"},
    {file = "ruff-0.6.6-py3-none-manylinux_2_17_ppc64le.manylinux2014_ppc64le.whl", hash = "sha256:efeede5815a24104579a0f6320660536c5ffc1c91ae94f8c65659af915fb9de9"},
    {file = "ruff-0.6.6-py3-none-manylinux_2_17_s390x.manylinux2014_s390x.whl", hash = "sha256:e368aef0cc02ca3593eae2fb8186b81c9c2b3f39acaaa1108eb6b4d04617e61f"},
    {file = "ruff-0.6.6-py3-none-manylinux_2_17_x86_64.manylinux2014_x86_64.whl", hash = "sha256:2653fc3b2a9315bd809725c88dd2446550099728d077a04191febb5ea79a4f79"},
    {file = "ruff-0.6.6-py3-none-musllinux_1_2_aarch64.whl", hash = "sha256:bb858cd9ce2d062503337c5b9784d7b583bcf9d1a43c4df6ccb5eab774fbafcb"},
    {file = "ruff-0.6.6-py3-none-musllinux_1_2_armv7l.whl", hash = "sha256:488f8e15c01ea9afb8c0ba35d55bd951f484d0c1b7c5fd746ce3c47ccdedce68"},
    {file = "ruff-0.6.6-py3-none-musllinux_1_2_i686.whl", hash = "sha256:aefb0bd15f1cfa4c9c227b6120573bb3d6c4ee3b29fb54a5ad58f03859bc43c6"},
    {file = "ruff-0.6.6-py3-none-musllinux_1_2_x86_64.whl", hash = "sha256:a4c0698cc780bcb2c61496cbd56b6a3ac0ad858c966652f7dbf4ceb029252fbe"},
    {file = "ruff-0.6.6-py3-none-win32.whl", hash = "sha256:aadf81ddc8ab5b62da7aae78a91ec933cbae9f8f1663ec0325dae2c364e4ad84"},
    {file = "ruff-0.6.6-py3-none-win_amd64.whl", hash = "sha256:0adb801771bc1f1b8cf4e0a6fdc30776e7c1894810ff3b344e50da82ef50eeb1"},
    {file = "ruff-0.6.6-py3-none-win_arm64.whl", hash = "sha256:4b4d32c137bc781c298964dd4e52f07d6f7d57c03eae97a72d97856844aa510a"},
    {file = "ruff-0.6.6.tar.gz", hash = "sha256:0fc030b6fd14814d69ac0196396f6761921bd20831725c7361e1b8100b818034"},
]

[[package]]
name = "six"
version = "1.16.0"
description = "Python 2 and 3 compatibility utilities"
optional = false
python-versions = ">=2.7, !=3.0.*, !=3.1.*, !=3.2.*"
files = [
    {file = "six-1.16.0-py2.py3-none-any.whl", hash = "sha256:8abb2f1d86890a2dfb989f9a77cfcfd3e47c2a354b01111771326f8aa26e0254"},
    {file = "six-1.16.0.tar.gz", hash = "sha256:1e61c37477a1626458e36f7b1d82aa5c9b094fa4802892072e49de9c60c4c926"},
]

[[package]]
name = "typeguard"
version = "2.13.3"
description = "Run-time type checker for Python"
optional = false
python-versions = ">=3.5.3"
files = [
    {file = "typeguard-2.13.3-py3-none-any.whl", hash = "sha256:5e3e3be01e887e7eafae5af63d1f36c849aaa94e3a0112097312aabfa16284f1"},
    {file = "typeguard-2.13.3.tar.gz", hash = "sha256:00edaa8da3a133674796cf5ea87d9f4b4c367d77476e185e80251cc13dfbb8c4"},
]

[package.extras]
doc = ["sphinx-autodoc-typehints (>=1.2.0)", "sphinx-rtd-theme"]
test = ["mypy", "pytest", "typing-extensions"]

[[package]]
name = "typing-extensions"
version = "4.12.2"
description = "Backported and Experimental Type Hints for Python 3.8+"
optional = false
python-versions = ">=3.8"
files = [
    {file = "typing_extensions-4.12.2-py3-none-any.whl", hash = "sha256:04e5ca0351e0f3f85c6853954072df659d0d13fac324d0072316b67d7794700d"},
    {file = "typing_extensions-4.12.2.tar.gz", hash = "sha256:1a7ead55c7e559dd4dee8856e3a88b41225abfe1ce8df57b7c13915fe121ffb8"},
]

[metadata]
lock-version = "2.0"
python-versions = "^3.12"
content-hash = "8e8052f64e6507a8b1d0bb80dd00f4a485a195ac6fc97e86054139a72ec58177"
